
Microsoft Visual Studio Solution File, Format Version 12.00
# Visual Studio Version 16
VisualStudioVersion = 16.0.32929.386
MinimumVisualStudioVersion = 10.0.40219.1
Project("{FAE04EC0-301F-11D3-BF4B-00C04F79EFBC}") = "TDD", "TDD\TDD.csproj", "{18123D41-2C13-4018-A403-2FEC87D54C98}"
EndProject
Project("{FAE04EC0-301F-11D3-BF4B-00C04F79EFBC}") = "TDDtest", "TDDtest\TDDtest.csproj", "{D5990B3E-6DFD-4314-9EAC-8D5E1489E33D}"
EndProject
Global
	GlobalSection(SolutionConfigurationPlatforms) = preSolution
		Debug|Any CPU = Debug|Any CPU
		Release|Any CPU = Release|Any CPU
	EndGlobalSection
	GlobalSection(ProjectConfigurationPlatforms) = postSolution
		{18123D41-2C13-4018-A403-2FEC87D54C98}.Debug|Any CPU.ActiveCfg = Debug|Any CPU
		{18123D41-2C13-4018-A403-2FEC87D54C98}.Debug|Any CPU.Build.0 = Debug|Any CPU
		{18123D41-2C13-4018-A403-2FEC87D54C98}.Release|Any CPU.ActiveCfg = Release|Any CPU
		{18123D41-2C13-4018-A403-2FEC87D54C98}.Release|Any CPU.Build.0 = Release|Any CPU
		{D5990B3E-6DFD-4314-9EAC-8D5E1489E33D}.Debug|Any CPU.ActiveCfg = Debug|Any CPU
		{D5990B3E-6DFD-4314-9EAC-8D5E1489E33D}.Debug|Any CPU.Build.0 = Debug|Any CPU
		{D5990B3E-6DFD-4314-9EAC-8D5E1489E33D}.Release|Any CPU.ActiveCfg = Release|Any CPU
		{D5990B3E-6DFD-4314-9EAC-8D5E1489E33D}.Release|Any CPU.Build.0 = Release|Any CPU
	EndGlobalSection
	GlobalSection(SolutionProperties) = preSolution
		HideSolutionNode = FALSE
	EndGlobalSection
	GlobalSection(ExtensibilityGlobals) = postSolution
		SolutionGuid = {6E3DBAB5-C876-4BD2-998E-245542E1135E}
	EndGlobalSection
EndGlobal
